
Microsoft Visual Studio Solution File, Format Version 12.00
# Visual Studio Version 17
VisualStudioVersion = 17.4.33403.182
MinimumVisualStudioVersion = 10.0.40219.1
Project("{FAE04EC0-301F-11D3-BF4B-00C04F79EFBC}") = "CountryViewer", "CountryViewer\CountryViewer.csproj", "{4795FDDB-EA96-4CBC-B32D-939A48E0814A}"
EndProject
Project("{FAE04EC0-301F-11D3-BF4B-00C04F79EFBC}") = "CountryViewer.DataAccess", "CountryViewer.DataAccess\CountryViewer.DataAccess.csproj", "{DD0AE9E2-63CC-451A-BC47-4D6ED9786FE0}"
EndProject
Global
	GlobalSection(SolutionConfigurationPlatforms) = preSolution
		Debug|Any CPU = Debug|Any CPU
		Release|Any CPU = Release|Any CPU
	EndGlobalSection
	GlobalSection(ProjectConfigurationPlatforms) = postSolution
		{4795FDDB-EA96-4CBC-B32D-939A48E0814A}.Debug|Any CPU.ActiveCfg = Debug|Any CPU
		{4795FDDB-EA96-4CBC-B32D-939A48E0814A}.Debug|Any CPU.Build.0 = Debug|Any CPU
		{4795FDDB-EA96-4CBC-B32D-939A48E0814A}.Release|Any CPU.ActiveCfg = Release|Any CPU
		{4795FDDB-EA96-4CBC-B32D-939A48E0814A}.Release|Any CPU.Build.0 = Release|Any CPU
		{DD0AE9E2-63CC-451A-BC47-4D6ED9786FE0}.Debug|Any CPU.ActiveCfg = Debug|Any CPU
		{DD0AE9E2-63CC-451A-BC47-4D6ED9786FE0}.Debug|Any CPU.Build.0 = Debug|Any CPU
		{DD0AE9E2-63CC-451A-BC47-4D6ED9786FE0}.Release|Any CPU.ActiveCfg = Release|Any CPU
		{DD0AE9E2-63CC-451A-BC47-4D6ED9786FE0}.Release|Any CPU.Build.0 = Release|Any CPU
	EndGlobalSection
	GlobalSection(SolutionProperties) = preSolution
		HideSolutionNode = FALSE
	EndGlobalSection
	GlobalSection(ExtensibilityGlobals) = postSolution
		SolutionGuid = {0B7BA5A5-9917-4460-A72A-D1DB0081559D}
	EndGlobalSection
EndGlobal
